
Microsoft Visual Studio Solution File, Format Version 12.00
# Visual Studio 15
VisualStudioVersion = 15.0.28307.1231
MinimumVisualStudioVersion = 10.0.40219.1
Project("{FAE04EC0-301F-11D3-BF4B-00C04F79EFBC}") = "Kitap İndirim Uygulaması", "Kitap İndirim Uygulaması\Kitap İndirim Uygulaması.csproj", "{ABA7C4F7-F830-4FD3-90D8-591E48FEA5EF}"
EndProject
Global
	GlobalSection(SolutionConfigurationPlatforms) = preSolution
		Debug|Any CPU = Debug|Any CPU
		Release|Any CPU = Release|Any CPU
	EndGlobalSection
	GlobalSection(ProjectConfigurationPlatforms) = postSolution
		{ABA7C4F7-F830-4FD3-90D8-591E48FEA5EF}.Debug|Any CPU.ActiveCfg = Debug|Any CPU
		{ABA7C4F7-F830-4FD3-90D8-591E48FEA5EF}.Debug|Any CPU.Build.0 = Debug|Any CPU
		{ABA7C4F7-F830-4FD3-90D8-591E48FEA5EF}.Release|Any CPU.ActiveCfg = Release|Any CPU
		{ABA7C4F7-F830-4FD3-90D8-591E48FEA5EF}.Release|Any CPU.Build.0 = Release|Any CPU
	EndGlobalSection
	GlobalSection(SolutionProperties) = preSolution
		HideSolutionNode = FALSE
	EndGlobalSection
	GlobalSection(ExtensibilityGlobals) = postSolution
		SolutionGuid = {D20C277E-5C0F-464D-B54B-62B814F547F7}
	EndGlobalSection
EndGlobal
